uuid: 29b5459f-347a-4cc3-84ec-850bd37ae76d
langcode: en
status: true
dependencies:
  module:
    - drupal_itm_demos
  theme:
    - bootstrap_barrio
id: bootstrap_barrio_informationblock
theme: bootstrap_barrio
region: featured_top
weight: 0
provider: null
plugin: information_block
settings:
  id: information_block
  label: 'Information block'
  provider: drupal_itm_demos
  label_display: visible
visibility: {  }
